// !$*UTF8*$!
{
	archiveVersion = 1;
	classes = {
	};
	objectVersion = 46;
	objects = {

/* Begin PBXBuildFile section */
		A8390C0B1A5082E900AAEFC1 /* Async.swift in Sources */ = {isa = PBXBuildFile; fileRef = A8390C0A1A5082E900AAEFC1 /* Async.swift */; };
		A86A6CF61A4B179B00896865 /* PlaylistViewController.swift in Sources */ = {isa = PBXBuildFile; fileRef = A86A6CF51A4B179B00896865 /* PlaylistViewController.swift */; };
		A86A6CF91A4B1B6C00896865 /* VideoViewController.swift in Sources */ = {isa = PBXBuildFile; fileRef = A86A6CF81A4B1B6C00896865 /* VideoViewController.swift */; };
		A86A6CFB1A4B2CF100896865 /* ChannelViewController.swift in Sources */ = {isa = PBXBuildFile; fileRef = A86A6CFA1A4B2CF100896865 /* ChannelViewController.swift */; };
		A8853AF51A484C4000B3C3B4 /* SearchViewController.swift in Sources */ = {isa = PBXBuildFile; fileRef = A8853AF41A484C4000B3C3B4 /* SearchViewController.swift */; };
		A8853AF91A484D3500B3C3B4 /* VideosViewController.swift in Sources */ = {isa = PBXBuildFile; fileRef = A8853AF81A484D3500B3C3B4 /* VideosViewController.swift */; };
		A8853AFB1A484D4300B3C3B4 /* PlaylistsViewController.swift in Sources */ = {isa = PBXBuildFile; fileRef = A8853AFA1A484D4300B3C3B4 /* PlaylistsViewController.swift */; };
		A8853AFD1A484D4E00B3C3B4 /* ChannelsViewController.swift in Sources */ = {isa = PBXBuildFile; fileRef = A8853AFC1A484D4E00B3C3B4 /* ChannelsViewController.swift */; };
		A898780C1A52AC11001D8CED /* Alamofire.framework in Frameworks */ = {isa = PBXBuildFile; fileRef = A8D5CF861A485B8900E49941 /* Alamofire.framework */; };
		A898780E1A52AC66001D8CED /* Alamofire.framework in Embed Frameworks */ = {isa = PBXBuildFile; fileRef = A8D5CF861A485B8900E49941 /* Alamofire.framework */; settings = {ATTRIBUTES = (CodeSignOnCopy, RemoveHeadersOnCopy, ); }; };
		A8B4B3311A51997C00EE4ABB /* SeekBar.swift in Sources */ = {isa = PBXBuildFile; fileRef = A8B4B3301A51997C00EE4ABB /* SeekBar.swift */; };
		A8C300441A51213300944165 /* LoadMoreTableViewCell.swift in Sources */ = {isa = PBXBuildFile; fileRef = A8C300431A51213300944165 /* LoadMoreTableViewCell.swift */; };
		A8D5CF8E1A485D0200E49941 /* SwifTube.swift in Sources */ = {isa = PBXBuildFile; fileRef = A8D5CF8D1A485D0200E49941 /* SwifTube.swift */; };
		A8D5CF901A485D1500E49941 /* Item.swift in Sources */ = {isa = PBXBuildFile; fileRef = A8D5CF8F1A485D1500E49941 /* Item.swift */; };
		A8D5CF961A4863D900E49941 /* ItemTableViewCell.swift in Sources */ = {isa = PBXBuildFile; fileRef = A8D5CF951A4863D900E49941 /* ItemTableViewCell.swift */; };
		A8D5CF981A4865B500E49941 /* ItemsViewController.swift in Sources */ = {isa = PBXBuildFile; fileRef = A8D5CF971A4865B500E49941 /* ItemsViewController.swift */; };
		A8D5E63E1A41DAE900525EB9 /* AppDelegate.swift in Sources */ = {isa = PBXBuildFile; fileRef = A8D5E63D1A41DAE900525EB9 /* AppDelegate.swift */; };
		A8D5E6431A41DAE900525EB9 /* Main.storyboard in Resources */ = {isa = PBXBuildFile; fileRef = A8D5E6411A41DAE900525EB9 /* Main.storyboard */; };
		A8D5E6451A41DAE900525EB9 /* Images.xcassets in Resources */ = {isa = PBXBuildFile; fileRef = A8D5E6441A41DAE900525EB9 /* Images.xcassets */; };
		A8D5E6481A41DAE900525EB9 /* LaunchScreen.xib in Resources */ = {isa = PBXBuildFile; fileRef = A8D5E6461A41DAE900525EB9 /* LaunchScreen.xib */; };
		A8D5E6541A41DAE900525EB9 /* SwifTubeTests.swift in Sources */ = {isa = PBXBuildFile; fileRef = A8D5E6531A41DAE900525EB9 /* SwifTubeTests.swift */; };
		A8E8EAFD1A4F1D6A007A9F31 /* API.swift in Sources */ = {isa = PBXBuildFile; fileRef = A8E8EAFC1A4F1D6A007A9F31 /* API.swift */; };
		DF170BAE5CED937300C2977C /* libPods.a in Frameworks */ = {isa = PBXBuildFile; fileRef = 29A14ACA92A198FDEF87F82C /* libPods.a */; };
/* End PBXBuildFile section */

/* Begin PBXContainerItemProxy section */
		A898780F1A52AC66001D8CED /* PBXContainerItemProxy */ = {
			isa = PBXContainerItemProxy;
			containerPortal = A8D5CF801A485B8900E49941 /* Alamofire.xcodeproj */;
			proxyType = 1;
			remoteGlobalIDString = F8111E3219A95C8B0040E7D1;
			remoteInfo = Alamofire;
		};
		A8D5CF851A485B8900E49941 /* PBXContainerItemProxy */ = {
			isa = PBXContainerItemProxy;
			containerPortal = A8D5CF801A485B8900E49941 /* Alamofire.xcodeproj */;
			proxyType = 2;
			remoteGlobalIDString = F8111E3319A95C8B0040E7D1;
			remoteInfo = Alamofire;
		};
		A8D5CF871A485B8900E49941 /* PBXContainerItemProxy */ = {
			isa = PBXContainerItemProxy;
			containerPortal = A8D5CF801A485B8900E49941 /* Alamofire.xcodeproj */;
			proxyType = 2;
			remoteGlobalIDString = F8111E3E19A95C8B0040E7D1;
			remoteInfo = AlamofireTests;
		};
		A8D5CF8B1A485BF900E49941 /* PBXContainerItemProxy */ = {
			isa = PBXContainerItemProxy;
			containerPortal = A8D5CF801A485B8900E49941 /* Alamofire.xcodeproj */;
			proxyType = 1;
			remoteGlobalIDString = F8111E3219A95C8B0040E7D1;
			remoteInfo = Alamofire;
		};
		A8D5E64E1A41DAE900525EB9 /* PBXContainerItemProxy */ = {
			isa = PBXContainerItemProxy;
			containerPortal = A8D5E6301A41DAE900525EB9 /* Project object */;
			proxyType = 1;
			remoteGlobalIDString = A8D5E6371A41DAE900525EB9;
			remoteInfo = SwifTube;
		};
/* End PBXContainerItemProxy section */

/* Begin PBXCopyFilesBuildPhase section */
		A89878111A52AC66001D8CED /* Embed Frameworks */ = {
			isa = PBXCopyFilesBuildPhase;
			buildActionMask = 2147483647;
			dstPath = "";
			dstSubfolderSpec = 10;
			files = (
				A898780E1A52AC66001D8CED /* Alamofire.framework in Embed Frameworks */,
			);
			name = "Embed Frameworks";
			runOnlyForDeploymentPostprocessing = 0;
		};
/* End PBXCopyFilesBuildPhase section */

/* Begin PBXFileReference section */
		29A14ACA92A198FDEF87F82C /* libPods.a */ = {isa = PBXFileReference; explicitFileType = archive.ar; includeInIndex = 0; path = libPods.a; sourceTree = BUILT_PRODUCTS_DIR; };
		756A4DBA1F109F41EE03A2F3 /* Pods.debug.xcconfig */ = {isa = PBXFileReference; includeInIndex = 1; lastKnownFileType = text.xcconfig; name = Pods.debug.xcconfig; path = "Pods/Target Support Files/Pods/Pods.debug.xcconfig"; sourceTree = "<group>"; };
		A8390C0A1A5082E900AAEFC1 /* Async.swift */ = {isa = PBXFileReference; fileEncoding = 4; lastKnownFileType = sourcecode.swift; path = Async.swift; sourceTree = "<group>"; };
		A86A6CF51A4B179B00896865 /* PlaylistViewController.swift */ = {isa = PBXFileReference; fileEncoding = 4; lastKnownFileType = sourcecode.swift; path = PlaylistViewController.swift; sourceTree = "<group>"; };
		A86A6CF81A4B1B6C00896865 /* VideoViewController.swift */ = {isa = PBXFileReference; fileEncoding = 4; lastKnownFileType = sourcecode.swift; path = VideoViewController.swift; sourceTree = "<group>"; };
		A86A6CFA1A4B2CF100896865 /* ChannelViewController.swift */ = {isa = PBXFileReference; fileEncoding = 4; lastKnownFileType = sourcecode.swift; path = ChannelViewController.swift; sourceTree = "<group>"; };
		A8853AF41A484C4000B3C3B4 /* SearchViewController.swift */ = {isa = PBXFileReference; fileEncoding = 4; lastKnownFileType = sourcecode.swift; path = SearchViewController.swift; sourceTree = "<group>"; };
		A8853AF81A484D3500B3C3B4 /* VideosViewController.swift */ = {isa = PBXFileReference; fileEncoding = 4; lastKnownFileType = sourcecode.swift; path = VideosViewController.swift; sourceTree = "<group>"; };
		A8853AFA1A484D4300B3C3B4 /* PlaylistsViewController.swift */ = {isa = PBXFileReference; fileEncoding = 4; lastKnownFileType = sourcecode.swift; path = PlaylistsViewController.swift; sourceTree = "<group>"; };
		A8853AFC1A484D4E00B3C3B4 /* ChannelsViewController.swift */ = {isa = PBXFileReference; fileEncoding = 4; lastKnownFileType = sourcecode.swift; path = ChannelsViewController.swift; sourceTree = "<group>"; };
		A8B4B3301A51997C00EE4ABB /* SeekBar.swift */ = {isa = PBXFileReference; fileEncoding = 4; lastKnownFileType = sourcecode.swift; path = SeekBar.swift; sourceTree = "<group>"; };
		A8C300431A51213300944165 /* LoadMoreTableViewCell.swift */ = {isa = PBXFileReference; fileEncoding = 4; lastKnownFileType = sourcecode.swift; path = LoadMoreTableViewCell.swift; sourceTree = "<group>"; };
		A8D5CF801A485B8900E49941 /* Alamofire.xcodeproj */ = {isa = PBXFileReference; lastKnownFileType = "wrapper.pb-project"; name = Alamofire.xcodeproj; path = Alamofire/Alamofire.xcodeproj; sourceTree = "<group>"; };
		A8D5CF8D1A485D0200E49941 /* SwifTube.swift */ = {isa = PBXFileReference; fileEncoding = 4; lastKnownFileType = sourcecode.swift; path = SwifTube.swift; sourceTree = "<group>"; };
		A8D5CF8F1A485D1500E49941 /* Item.swift */ = {isa = PBXFileReference; fileEncoding = 4; lastKnownFileType = sourcecode.swift; path = Item.swift; sourceTree = "<group>"; };
		A8D5CF911A485D3200E49941 /* SwifTube-Bridging-Header.h */ = {isa = PBXFileReference; lastKnownFileType = sourcecode.c.h; path = "SwifTube-Bridging-Header.h"; sourceTree = "<group>"; };
		A8D5CF951A4863D900E49941 /* ItemTableViewCell.swift */ = {isa = PBXFileReference; fileEncoding = 4; lastKnownFileType = sourcecode.swift; path = ItemTableViewCell.swift; sourceTree = "<group>"; };
		A8D5CF971A4865B500E49941 /* ItemsViewController.swift */ = {isa = PBXFileReference; fileEncoding = 4; lastKnownFileType = sourcecode.swift; path = ItemsViewController.swift; sourceTree = "<group>"; };
		A8D5E6381A41DAE900525EB9 /* SwifTube.app */ = {isa = PBXFileReference; explicitFileType = wrapper.application; includeInIndex = 0; path = SwifTube.app; sourceTree = BUILT_PRODUCTS_DIR; };
		A8D5E63C1A41DAE900525EB9 /* Info.plist */ = {isa = PBXFileReference; lastKnownFileType = text.plist.xml; path = Info.plist; sourceTree = "<group>"; };
		A8D5E63D1A41DAE900525EB9 /* AppDelegate.swift */ = {isa = PBXFileReference; lastKnownFileType = sourcecode.swift; path = AppDelegate.swift; sourceTree = "<group>"; };
		A8D5E6421A41DAE900525EB9 /* Base */ = {isa = PBXFileReference; lastKnownFileType = file.storyboard; name = Base; path = Base.lproj/Main.storyboard; sourceTree = "<group>"; };
		A8D5E6441A41DAE900525EB9 /* Images.xcassets */ = {isa = PBXFileReference; lastKnownFileType = folder.assetcatalog; path = Images.xcassets; sourceTree = "<group>"; };
		A8D5E6471A41DAE900525EB9 /* Base */ = {isa = PBXFileReference; lastKnownFileType = file.xib; name = Base; path = Base.lproj/LaunchScreen.xib; sourceTree = "<group>"; };
		A8D5E64D1A41DAE900525EB9 /* SwifTubeTests.xctest */ = {isa = PBXFileReference; explicitFileType = wrapper.cfbundle; includeInIndex = 0; path = SwifTubeTests.xctest; sourceTree = BUILT_PRODUCTS_DIR; };
		A8D5E6521A41DAE900525EB9 /* Info.plist */ = {isa = PBXFileReference; lastKnownFileType = text.plist.xml; path = Info.plist; sourceTree = "<group>"; };
		A8D5E6531A41DAE900525EB9 /* SwifTubeTests.swift */ = {isa = PBXFileReference; lastKnownFileType = sourcecode.swift; path = SwifTubeTests.swift; sourceTree = "<group>"; };
		A8E8EAFC1A4F1D6A007A9F31 /* API.swift */ = {isa = PBXFileReference; fileEncoding = 4; lastKnownFileType = sourcecode.swift; path = API.swift; sourceTree = "<group>"; };
		F0F01EE63968CB8BF0F0DAFC /* Pods.release.xcconfig */ = {isa = PBXFileReference; includeInIndex = 1; lastKnownFileType = text.xcconfig; name = Pods.release.xcconfig; path = "Pods/Target Support Files/Pods/Pods.release.xcconfig"; sourceTree = "<group>"; };
/* End PBXFileReference section */

/* Begin PBXFrameworksBuildPhase section */
		A8D5E6351A41DAE900525EB9 /* Frameworks */ = {
			isa = PBXFrameworksBuildPhase;
			buildActionMask = 2147483647;
			files = (
				A898780C1A52AC11001D8CED /* Alamofire.framework in Frameworks */,
				DF170BAE5CED937300C2977C /* libPods.a in Frameworks */,
			);
			runOnlyForDeploymentPostprocessing = 0;
		};
		A8D5E64A1A41DAE900525EB9 /* Frameworks */ = {
			isa = PBXFrameworksBuildPhase;
			buildActionMask = 2147483647;
			files = (
			);
			runOnlyForDeploymentPostprocessing = 0;
		};
/* End PBXFrameworksBuildPhase section */

/* Begin PBXGroup section */
		1F87EEB76147A85BA43B9404 /* Pods */ = {
			isa = PBXGroup;
			children = (
				756A4DBA1F109F41EE03A2F3 /* Pods.debug.xcconfig */,
				F0F01EE63968CB8BF0F0DAFC /* Pods.release.xcconfig */,
			);
			name = Pods;
			sourceTree = "<group>";
		};
		A8390C091A50825A00AAEFC1 /* Externals */ = {
			isa = PBXGroup;
			children = (
				A8390C0A1A5082E900AAEFC1 /* Async.swift */,
			);
			path = Externals;
			sourceTree = "<group>";
		};
		A8853AF71A484C5C00B3C3B4 /* View Controllers */ = {
			isa = PBXGroup;
			children = (
				A8853AF41A484C4000B3C3B4 /* SearchViewController.swift */,
				A8D5CF971A4865B500E49941 /* ItemsViewController.swift */,
				A8853AF81A484D3500B3C3B4 /* VideosViewController.swift */,
				A86A6CF81A4B1B6C00896865 /* VideoViewController.swift */,
				A8853AFA1A484D4300B3C3B4 /* PlaylistsViewController.swift */,
				A86A6CF51A4B179B00896865 /* PlaylistViewController.swift */,
				A8853AFC1A484D4E00B3C3B4 /* ChannelsViewController.swift */,
				A86A6CFA1A4B2CF100896865 /* ChannelViewController.swift */,
			);
			path = "View Controllers";
			sourceTree = "<group>";
		};
		A8D5CF7F1A4859DE00E49941 /* Models */ = {
			isa = PBXGroup;
			children = (
				A8D5CF8D1A485D0200E49941 /* SwifTube.swift */,
				A8E8EAFC1A4F1D6A007A9F31 /* API.swift */,
				A8D5CF8F1A485D1500E49941 /* Item.swift */,
			);
			path = Models;
			sourceTree = "<group>";
		};
		A8D5CF811A485B8900E49941 /* Products */ = {
			isa = PBXGroup;
			children = (
				A8D5CF861A485B8900E49941 /* Alamofire.framework */,
				A8D5CF881A485B8900E49941 /* AlamofireTests.xctest */,
			);
			name = Products;
			sourceTree = "<group>";
		};
		A8D5CF941A4863A900E49941 /* Views */ = {
			isa = PBXGroup;
			children = (
				A8D5CF951A4863D900E49941 /* ItemTableViewCell.swift */,
				A8C300431A51213300944165 /* LoadMoreTableViewCell.swift */,
				A8B4B3301A51997C00EE4ABB /* SeekBar.swift */,
			);
			path = Views;
			sourceTree = "<group>";
		};
		A8D5E62F1A41DAE900525EB9 = {
			isa = PBXGroup;
			children = (
				A8D5E63A1A41DAE900525EB9 /* SwifTube */,
				A8D5E6501A41DAE900525EB9 /* SwifTubeTests */,
				A8D5E6391A41DAE900525EB9 /* Products */,
				1F87EEB76147A85BA43B9404 /* Pods */,
				B6049202F6B4D4A8D891841E /* Frameworks */,
				A8D5CF801A485B8900E49941 /* Alamofire.xcodeproj */,
				A8D5CF911A485D3200E49941 /* SwifTube-Bridging-Header.h */,
			);
			sourceTree = "<group>";
		};
		A8D5E6391A41DAE900525EB9 /* Products */ = {
			isa = PBXGroup;
			children = (
				A8D5E6381A41DAE900525EB9 /* SwifTube.app */,
				A8D5E64D1A41DAE900525EB9 /* SwifTubeTests.xctest */,
			);
			name = Products;
			sourceTree = "<group>";
		};
		A8D5E63A1A41DAE900525EB9 /* SwifTube */ = {
			isa = PBXGroup;
			children = (
				A8D5E6411A41DAE900525EB9 /* Main.storyboard */,
				A8D5E6461A41DAE900525EB9 /* LaunchScreen.xib */,
				A8D5E6441A41DAE900525EB9 /* Images.xcassets */,
				A8D5E63D1A41DAE900525EB9 /* AppDelegate.swift */,
				A8D5E63B1A41DAE900525EB9 /* Supporting Files */,
				A8853AF71A484C5C00B3C3B4 /* View Controllers */,
				A8D5CF941A4863A900E49941 /* Views */,
				A8D5CF7F1A4859DE00E49941 /* Models */,
				A8390C091A50825A00AAEFC1 /* Externals */,
			);
			path = SwifTube;
			sourceTree = "<group>";
		};
		A8D5E63B1A41DAE900525EB9 /* Supporting Files */ = {
			isa = PBXGroup;
			children = (
				A8D5E63C1A41DAE900525EB9 /* Info.plist */,
			);
			name = "Supporting Files";
			sourceTree = "<group>";
		};
		A8D5E6501A41DAE900525EB9 /* SwifTubeTests */ = {
			isa = PBXGroup;
			children = (
				A8D5E6531A41DAE900525EB9 /* SwifTubeTests.swift */,
				A8D5E6511A41DAE900525EB9 /* Supporting Files */,
			);
			path = SwifTubeTests;
			sourceTree = "<group>";
		};
		A8D5E6511A41DAE900525EB9 /* Supporting Files */ = {
			isa = PBXGroup;
			children = (
				A8D5E6521A41DAE900525EB9 /* Info.plist */,
			);
			name = "Supporting Files";
			sourceTree = "<group>";
		};
		B6049202F6B4D4A8D891841E /* Frameworks */ = {
			isa = PBXGroup;
			children = (
				29A14ACA92A198FDEF87F82C /* libPods.a */,
			);
			name = Frameworks;
			sourceTree = "<group>";
		};
/* End PBXGroup section */

/* Begin PBXNativeTarget section */
		A8D5E6371A41DAE900525EB9 /* SwifTube */ = {
			isa = PBXNativeTarget;
			buildConfigurationList = A8D5E6571A41DAE900525EB9 /* Build configuration list for PBXNativeTarget "SwifTube" */;
			buildPhases = (
				88269D31449F8D749AB65561 /* Check Pods Manifest.lock */,
				A8D5E6341A41DAE900525EB9 /* Sources */,
				A8D5E6351A41DAE900525EB9 /* Frameworks */,
				A8D5E6361A41DAE900525EB9 /* Resources */,
				A9F41AFE8B4827BE2D939A40 /* Copy Pods Resources */,
				A89878111A52AC66001D8CED /* Embed Frameworks */,
			);
			buildRules = (
			);
			dependencies = (
				A8D5CF8C1A485BF900E49941 /* PBXTargetDependency */,
				A89878101A52AC66001D8CED /* PBXTargetDependency */,
			);
			name = SwifTube;
			productName = SwifTube;
			productReference = A8D5E6381A41DAE900525EB9 /* SwifTube.app */;
			productType = "com.apple.product-type.application";
		};
		A8D5E64C1A41DAE900525EB9 /* SwifTubeTests */ = {
			isa = PBXNativeTarget;
			buildConfigurationList = A8D5E65A1A41DAE900525EB9 /* Build configuration list for PBXNativeTarget "SwifTubeTests" */;
			buildPhases = (
				A8D5E6491A41DAE900525EB9 /* Sources */,
				A8D5E64A1A41DAE900525EB9 /* Frameworks */,
				A8D5E64B1A41DAE900525EB9 /* Resources */,
			);
			buildRules = (
			);
			dependencies = (
				A8D5E64F1A41DAE900525EB9 /* PBXTargetDependency */,
			);
			name = SwifTubeTests;
			productName = SwifTubeTests;
			productReference = A8D5E64D1A41DAE900525EB9 /* SwifTubeTests.xctest */;
			productType = "com.apple.product-type.bundle.unit-test";
		};
/* End PBXNativeTarget section */

/* Begin PBXProject section */
		A8D5E6301A41DAE900525EB9 /* Project object */ = {
			isa = PBXProject;
			attributes = {
				LastUpgradeCheck = 0610;
				ORGANIZATIONNAME = matsuosh;
				TargetAttributes = {
					A8D5E6371A41DAE900525EB9 = {
						CreatedOnToolsVersion = 6.1.1;
						DevelopmentTeam = 3WLQSD636A;
					};
					A8D5E64C1A41DAE900525EB9 = {
						CreatedOnToolsVersion = 6.1.1;
						TestTargetID = A8D5E6371A41DAE900525EB9;
					};
				};
			};
			buildConfigurationList = A8D5E6331A41DAE900525EB9 /* Build configuration list for PBXProject "SwifTube" */;
			compatibilityVersion = "Xcode 3.2";
			developmentRegion = English;
			hasScannedForEncodings = 0;
			knownRegions = (
				en,
				Base,
			);
			mainGroup = A8D5E62F1A41DAE900525EB9;
			productRefGroup = A8D5E6391A41DAE900525EB9 /* Products */;
			projectDirPath = "";
			projectReferences = (
				{
					ProductGroup = A8D5CF811A485B8900E49941 /* Products */;
					ProjectRef = A8D5CF801A485B8900E49941 /* Alamofire.xcodeproj */;
				},
			);
			projectRoot = "";
			targets = (
				A8D5E6371A41DAE900525EB9 /* SwifTube */,
				A8D5E64C1A41DAE900525EB9 /* SwifTubeTests */,
			);
		};
/* End PBXProject section */

/* Begin PBXReferenceProxy section */
		A8D5CF861A485B8900E49941 /* Alamofire.framework */ = {
			isa = PBXReferenceProxy;
			fileType = wrapper.framework;
			path = Alamofire.framework;
			remoteRef = A8D5CF851A485B8900E49941 /* PBXContainerItemProxy */;
			sourceTree = BUILT_PRODUCTS_DIR;
		};
		A8D5CF881A485B8900E49941 /* AlamofireTests.xctest */ = {
			isa = PBXReferenceProxy;
			fileType = wrapper.cfbundle;
			path = AlamofireTests.xctest;
			remoteRef = A8D5CF871A485B8900E49941 /* PBXContainerItemProxy */;
			sourceTree = BUILT_PRODUCTS_DIR;
		};
/* End PBXReferenceProxy section */

/* Begin PBXResourcesBuildPhase section */
		A8D5E6361A41DAE900525EB9 /* Resources */ = {
			isa = PBXResourcesBuildPhase;
			buildActionMask = 2147483647;
			files = (
				A8D5E6431A41DAE900525EB9 /* Main.storyboard in Resources */,
				A8D5E6481A41DAE900525EB9 /* LaunchScreen.xib in Resources */,
				A8D5E6451A41DAE900525EB9 /* Images.xcassets in Resources */,
			);
			runOnlyForDeploymentPostprocessing = 0;
		};
		A8D5E64B1A41DAE900525EB9 /* Resources */ = {
			isa = PBXResourcesBuildPhase;
			buildActionMask = 2147483647;
			files = (
			);
			runOnlyForDeploymentPostprocessing = 0;
		};
/* End PBXResourcesBuildPhase section */

/* Begin PBXShellScriptBuildPhase section */
		88269D31449F8D749AB65561 /* Check Pods Manifest.lock */ = {
			isa = PBXShellScriptBuildPhase;
			buildActionMask = 2147483647;
			files = (
			);
			inputPaths = (
			);
			name = "Check Pods Manifest.lock";
			outputPaths = (
			);
			runOnlyForDeploymentPostprocessing = 0;
			shellPath = /bin/sh;
			shellScript = "diff \"${PODS_ROOT}/../Podfile.lock\" \"${PODS_ROOT}/Manifest.lock\" > /dev/null\nif [[ $? != 0 ]] ; then\n    cat << EOM\nerror: The sandbox is not in sync with the Podfile.lock. Run 'pod install' or update your CocoaPods installation.\nEOM\n    exit 1\nfi\n";
			showEnvVarsInLog = 0;
		};
		A9F41AFE8B4827BE2D939A40 /* Copy Pods Resources */ = {
			isa = PBXShellScriptBuildPhase;
			buildActionMask = 2147483647;
			files = (
			);
			inputPaths = (
			);
			name = "Copy Pods Resources";
			outputPaths = (
			);
			runOnlyForDeploymentPostprocessing = 0;
			shellPath = /bin/sh;
			shellScript = "\"${SRCROOT}/Pods/Target Support Files/Pods/Pods-resources.sh\"\n";
			showEnvVarsInLog = 0;
		};
/* End PBXShellScriptBuildPhase section */

/* Begin PBXSourcesBuildPhase section */
		A8D5E6341A41DAE900525EB9 /* Sources */ = {
			isa = PBXSourcesBuildPhase;
			buildActionMask = 2147483647;
			files = (
				A8853AFD1A484D4E00B3C3B4 /* ChannelsViewController.swift in Sources */,
				A8853AFB1A484D4300B3C3B4 /* PlaylistsViewController.swift in Sources */,
				A86A6CF91A4B1B6C00896865 /* VideoViewController.swift in Sources */,
				A8853AF51A484C4000B3C3B4 /* SearchViewController.swift in Sources */,
				A8D5CF901A485D1500E49941 /* Item.swift in Sources */,
				A8B4B3311A51997C00EE4ABB /* SeekBar.swift in Sources */,
				A86A6CFB1A4B2CF100896865 /* ChannelViewController.swift in Sources */,
				A8D5CF981A4865B500E49941 /* ItemsViewController.swift in Sources */,
				A8D5CF961A4863D900E49941 /* ItemTableViewCell.swift in Sources */,
				A8E8EAFD1A4F1D6A007A9F31 /* API.swift in Sources */,
				A86A6CF61A4B179B00896865 /* PlaylistViewController.swift in Sources */,
				A8390C0B1A5082E900AAEFC1 /* Async.swift in Sources */,
				A8D5CF8E1A485D0200E49941 /* SwifTube.swift in Sources */,
				A8C300441A51213300944165 /* LoadMoreTableViewCell.swift in Sources */,
				A8853AF91A484D3500B3C3B4 /* VideosViewController.swift in Sources */,
				A8D5E63E1A41DAE900525EB9 /* AppDelegate.swift in Sources */,
			);
			runOnlyForDeploymentPostprocessing = 0;
		};
		A8D5E6491A41DAE900525EB9 /* Sources */ = {
			isa = PBXSourcesBuildPhase;
			buildActionMask = 2147483647;
			files = (
				A8D5E6541A41DAE900525EB9 /* SwifTubeTests.swift in Sources */,
			);
			runOnlyForDeploymentPostprocessing = 0;
		};
/* End PBXSourcesBuildPhase section */

/* Begin PBXTargetDependency section */
		A89878101A52AC66001D8CED /* PBXTargetDependency */ = {
			isa = PBXTargetDependency;
			name = Alamofire;
			targetProxy = A898780F1A52AC66001D8CED /* PBXContainerItemProxy */;
		};
		A8D5CF8C1A485BF900E49941 /* PBXTargetDependency */ = {
			isa = PBXTargetDependency;
			name = Alamofire;
			targetProxy = A8D5CF8B1A485BF900E49941 /* PBXContainerItemProxy */;
		};
		A8D5E64F1A41DAE900525EB9 /* PBXTargetDependency */ = {
			isa = PBXTargetDependency;
			target = A8D5E6371A41DAE900525EB9 /* SwifTube */;
			targetProxy = A8D5E64E1A41DAE900525EB9 /* PBXContainerItemProxy */;
		};
/* End PBXTargetDependency section */

/* Begin PBXVariantGroup section */
		A8D5E6411A41DAE900525EB9 /* Main.storyboard */ = {
			isa = PBXVariantGroup;
			children = (
				A8D5E6421A41DAE900525EB9 /* Base */,
			);
			name = Main.storyboard;
			sourceTree = "<group>";
		};
		A8D5E6461A41DAE900525EB9 /* LaunchScreen.xib */ = {
			isa = PBXVariantGroup;
			children = (
				A8D5E6471A41DAE900525EB9 /* Base */,
			);
			name = LaunchScreen.xib;
			sourceTree = "<group>";
		};
/* End PBXVariantGroup section */

/* Begin XCBuildConfiguration section */
		A8D5E6551A41DAE900525EB9 /* Debug */ = {
			isa = XCBuildConfiguration;
			buildSettings = {
				ALWAYS_SEARCH_USER_PATHS = NO;
				CLANG_CXX_LANGUAGE_STANDARD = "gnu++0x";
				CLANG_CXX_LIBRARY = "libc++";
				CLANG_ENABLE_MODULES = YES;
				CLANG_ENABLE_OBJC_ARC = YES;
				CLANG_WARN_BOOL_CONVERSION = YES;
				CLANG_WARN_CONSTANT_CONVERSION = YES;
				CLANG_WARN_DIRECT_OBJC_ISA_USAGE = YES_ERROR;
				CLANG_WARN_EMPTY_BODY = YES;
				CLANG_WARN_ENUM_CONVERSION = YES;
				CLANG_WARN_INT_CONVERSION = YES;
				CLANG_WARN_OBJC_ROOT_CLASS = YES_ERROR;
				CLANG_WARN_UNREACHABLE_CODE = YES;
				CLANG_WARN__DUPLICATE_METHOD_MATCH = YES;
				"CODE_SIGN_IDENTITY[sdk=iphoneos*]" = "iPhone Developer";
				COPY_PHASE_STRIP = NO;
				ENABLE_STRICT_OBJC_MSGSEND = YES;
				GCC_C_LANGUAGE_STANDARD = gnu99;
				GCC_DYNAMIC_NO_PIC = NO;
				GCC_OPTIMIZATION_LEVEL = 0;
				GCC_PREPROCESSOR_DEFINITIONS = (
					"DEBUG=1",
					"$(inherited)",
				);
				GCC_SYMBOLS_PRIVATE_EXTERN = NO;
				GCC_WARN_64_TO_32_BIT_CONVERSION = YES;
				GCC_WARN_ABOUT_RETURN_TYPE = YES_ERROR;
				GCC_WARN_UNDECLARED_SELECTOR = YES;
				GCC_WARN_UNINITIALIZED_AUTOS = YES_AGGRESSIVE;
				GCC_WARN_UNUSED_FUNCTION = YES;
				GCC_WARN_UNUSED_VARIABLE = YES;
				IPHONEOS_DEPLOYMENT_TARGET = 8.1;
				MTL_ENABLE_DEBUG_INFO = YES;
				ONLY_ACTIVE_ARCH = YES;
				SDKROOT = iphoneos;
				SWIFT_OPTIMIZATION_LEVEL = "-Onone";
			};
			name = Debug;
		};
		A8D5E6561A41DAE900525EB9 /* Release */ = {
			isa = XCBuildConfiguration;
			buildSettings = {
				ALWAYS_SEARCH_USER_PATHS = NO;
				CLANG_CXX_LANGUAGE_STANDARD = "gnu++0x";
				CLANG_CXX_LIBRARY = "libc++";
				CLANG_ENABLE_MODULES = YES;
				CLANG_ENABLE_OBJC_ARC = YES;
				CLANG_WARN_BOOL_CONVERSION = YES;
				CLANG_WARN_CONSTANT_CONVERSION = YES;
				CLANG_WARN_DIRECT_OBJC_ISA_USAGE = YES_ERROR;
				CLANG_WARN_EMPTY_BODY = YES;
				CLANG_WARN_ENUM_CONVERSION = YES;
				CLANG_WARN_INT_CONVERSION = YES;
				CLANG_WARN_OBJC_ROOT_CLASS = YES_ERROR;
				CLANG_WARN_UNREACHABLE_CODE = YES;
				CLANG_WARN__DUPLICATE_METHOD_MATCH = YES;
				"CODE_SIGN_IDENTITY[sdk=iphoneos*]" = "iPhone Developer";
				COPY_PHASE_STRIP = YES;
				ENABLE_NS_ASSERTIONS = NO;
				ENABLE_STRICT_OBJC_MSGSEND = YES;
				GCC_C_LANGUAGE_STANDARD = gnu99;
				GCC_WARN_64_TO_32_BIT_CONVERSION = YES;
				GCC_WARN_ABOUT_RETURN_TYPE = YES_ERROR;
				GCC_WARN_UNDECLARED_SELECTOR = YES;
				GCC_WARN_UNINITIALIZED_AUTOS = YES_AGGRESSIVE;
				GCC_WARN_UNUSED_FUNCTION = YES;
				GCC_WARN_UNUSED_VARIABLE = YES;
				IPHONEOS_DEPLOYMENT_TARGET = 8.1;
				MTL_ENABLE_DEBUG_INFO = NO;
				SDKROOT = iphoneos;
				VALIDATE_PRODUCT = YES;
			};
			name = Release;
		};
		A8D5E6581A41DAE900525EB9 /* Debug */ = {
			isa = XCBuildConfiguration;
			baseConfigurationReference = 756A4DBA1F109F41EE03A2F3 /* Pods.debug.xcconfig */;
			buildSettings = {
				ASSETCATALOG_COMPILER_APPICON_NAME = AppIcon;
				CLANG_ENABLE_MODULES = YES;
				CODE_SIGN_IDENTITY = "iPhone Developer";
				"CODE_SIGN_IDENTITY[sdk=iphoneos*]" = "iPhone Developer";
				EMBEDDED_CONTENT_CONTAINS_SWIFT = YES;
				INFOPLIST_FILE = SwifTube/Info.plist;
				IPHONEOS_DEPLOYMENT_TARGET = 8.1;
				LD_RUNPATH_SEARCH_PATHS = "$(inherited) @executable_path/Frameworks";
				PRODUCT_NAME = "$(TARGET_NAME)";
				PROVISIONING_PROFILE = "";
				SWIFT_OBJC_BRIDGING_HEADER = "SwifTube-Bridging-Header.h";
				SWIFT_OPTIMIZATION_LEVEL = "-Onone";
				TARGETED_DEVICE_FAMILY = 1;
			};
			name = Debug;
		};
		A8D5E6591A41DAE900525EB9 /* Release */ = {
			isa = XCBuildConfiguration;
			baseConfigurationReference = F0F01EE63968CB8BF0F0DAFC /* Pods.release.xcconfig */;
			buildSettings = {
				ASSETCATALOG_COMPILER_APPICON_NAME = AppIcon;
				CLANG_ENABLE_MODULES = YES;
				CODE_SIGN_IDENTITY = "iPhone Developer";
				"CODE_SIGN_IDENTITY[sdk=iphoneos*]" = "iPhone Developer";
				EMBEDDED_CONTENT_CONTAINS_SWIFT = YES;
				INFOPLIST_FILE = SwifTube/Info.plist;
				IPHONEOS_DEPLOYMENT_TARGET = 8.1;
				LD_RUNPATH_SEARCH_PATHS = "$(inherited) @executable_path/Frameworks";
				PRODUCT_NAME = "$(TARGET_NAME)";
				PROVISIONING_PROFILE = "";
				SWIFT_OBJC_BRIDGING_HEADER = "SwifTube-Bridging-Header.h";
				TARGETED_DEVICE_FAMILY = 1;
			};
			name = Release;
		};
		A8D5E65B1A41DAE900525EB9 /* Debug */ = {
			isa = XCBuildConfiguration;
			buildSettings = {
				BUNDLE_LOADER = "$(TEST_HOST)";
				FRAMEWORK_SEARCH_PATHS = (
					"$(SDKROOT)/Developer/Library/Frameworks",
					"$(inherited)",
				);
				GCC_PREPROCESSOR_DEFINITIONS = (
					"DEBUG=1",
					"$(inherited)",
				);
				INFOPLIST_FILE = SwifTubeTests/Info.plist;
				LD_RUNPATH_SEARCH_PATHS = "$(inherited) @executable_path/Frameworks @loader_path/Frameworks";
				PRODUCT_NAME = "$(TARGET_NAME)";
				TEST_HOST = "$(BUILT_PRODUCTS_DIR)/SwifTube.app/SwifTube";
			};
			name = Debug;
		};
		A8D5E65C1A41DAE900525EB9 /* Release */ = {
			isa = XCBuildConfiguration;
			buildSettings = {
				BUNDLE_LOADER = "$(TEST_HOST)";
				FRAMEWORK_SEARCH_PATHS = (
					"$(SDKROOT)/Developer/Library/Frameworks",
					"$(inherited)",
				);
				INFOPLIST_FILE = SwifTubeTests/Info.plist;
				LD_RUNPATH_SEARCH_PATHS = "$(inherited) @executable_path/Frameworks @loader_path/Frameworks";
				PRODUCT_NAME = "$(TARGET_NAME)";
				TEST_HOST = "$(BUILT_PRODUCTS_DIR)/SwifTube.app/SwifTube";
			};
			name = Release;
		};
/* End XCBuildConfiguration section */

/* Begin XCConfigurationList section */
		A8D5E6331A41DAE900525EB9 /* Build configuration list for PBXProject "SwifTube" */ = {
			isa = XCConfigurationList;
			buildConfigurations = (
				A8D5E6551A41DAE900525EB9 /* Debug */,
				A8D5E6561A41DAE900525EB9 /* Release */,
			);
			defaultConfigurationIsVisible = 0;
			defaultConfigurationName = Release;
		};
		A8D5E6571A41DAE900525EB9 /* Build configuration list for PBXNativeTarget "SwifTube" */ = {
			isa = XCConfigurationList;
			buildConfigurations = (
				A8D5E6581A41DAE900525EB9 /* Debug */,
				A8D5E6591A41DAE900525EB9 /* Release */,
			);
			defaultConfigurationIsVisible = 0;
			defaultConfigurationName = Release;
		};
		A8D5E65A1A41DAE900525EB9 /* Build configuration list for PBXNativeTarget "SwifTubeTests" */ = {
			isa = XCConfigurationList;
			buildConfigurations = (
				A8D5E65B1A41DAE900525EB9 /* Debug */,
				A8D5E65C1A41DAE900525EB9 /* Release */,
			);
			defaultConfigurationIsVisible = 0;
			defaultConfigurationName = Release;
		};
/* End XCConfigurationList section */
	};
	rootObject = A8D5E6301A41DAE900525EB9 /* Project object */;
}
